
Microsoft Visual Studio Solution File, Format Version 12.00
# Visual Studio Version 16
VisualStudioVersion = 16.0.31205.134
MinimumVisualStudioVersion = 10.0.40219.1
Project("{FAE04EC0-301F-11D3-BF4B-00C04F79EFBC}") = "vc", "vc\vc.csproj", "{1865317E-364F-41EE-A9A6-8FCC42B51B3A}"
EndProject
Project("{FAE04EC0-301F-11D3-BF4B-00C04F79EFBC}") = "Vice", "Vice\Vice.csproj", "{521D9CFB-ED00-4C57-ADAA-4DF246808F32}"
EndProject
Global
	GlobalSection(SolutionConfigurationPlatforms) = preSolution
		Debug|Any CPU = Debug|Any CPU
		Release|Any CPU = Release|Any CPU
	EndGlobalSection
	GlobalSection(ProjectConfigurationPlatforms) = postSolution
		{1865317E-364F-41EE-A9A6-8FCC42B51B3A}.Debug|Any CPU.ActiveCfg = Debug|Any CPU
		{1865317E-364F-41EE-A9A6-8FCC42B51B3A}.Debug|Any CPU.Build.0 = Debug|Any CPU
		{1865317E-364F-41EE-A9A6-8FCC42B51B3A}.Release|Any CPU.ActiveCfg = Release|Any CPU
		{1865317E-364F-41EE-A9A6-8FCC42B51B3A}.Release|Any CPU.Build.0 = Release|Any CPU
		{521D9CFB-ED00-4C57-ADAA-4DF246808F32}.Debug|Any CPU.ActiveCfg = Debug|Any CPU
		{521D9CFB-ED00-4C57-ADAA-4DF246808F32}.Debug|Any CPU.Build.0 = Debug|Any CPU
		{521D9CFB-ED00-4C57-ADAA-4DF246808F32}.Release|Any CPU.ActiveCfg = Release|Any CPU
		{521D9CFB-ED00-4C57-ADAA-4DF246808F32}.Release|Any CPU.Build.0 = Release|Any CPU
	EndGlobalSection
	GlobalSection(SolutionProperties) = preSolution
		HideSolutionNode = FALSE
	EndGlobalSection
	GlobalSection(ExtensibilityGlobals) = postSolution
		SolutionGuid = {67FDEC9C-EFE1-4506-977F-9C3F138AA06C}
	EndGlobalSection
EndGlobal
